
Microsoft Visual Studio Solution File, Format Version 12.00
# Visual Studio Version 17
VisualStudioVersion = 17.8.34408.163
MinimumVisualStudioVersion = 10.0.40219.1
Project("{2150E333-8FDC-42A3-9474-1A3956D46DE8}") = "Contellation.API", "Contellation.API", "{23908CF1-F4BD-4BD3-BA22-00656B1CBC68}"
EndProject
Project("{2150E333-8FDC-42A3-9474-1A3956D46DE8}") = "Contellation.Desktop", "Contellation.Desktop", "{7051483E-FA2A-4228-833D-27A666863EFB}"
EndProject
Project("{2150E333-8FDC-42A3-9474-1A3956D46DE8}") = "Contellation.Web", "Contellation.Web", "{88C17F38-6CCF-4430-B226-2CED8F766ED6}"
EndProject
Project("{2150E333-8FDC-42A3-9474-1A3956D46DE8}") = "Contellation.Mobile", "Contellation.Mobile", "{12C00A32-CC6F-4A19-8386-127AA68B2E72}"
EndProject
Project("{2150E333-8FDC-42A3-9474-1A3956D46DE8}") = "Contellation.Core", "Contellation.Core", "{59ABDEC6-B824-49DC-B347-F41DA454AFF0}"
EndProject
Project("{9A19103F-16F7-4668-BE54-9A1E7A4F7556}") = "Core.WPF", "Core.WPF\Core.WPF.csproj", "{90972A97-6446-49E6-81C0-A72F1959A0D0}"
EndProject
Project("{9A19103F-16F7-4668-BE54-9A1E7A4F7556}") = "Core.Library", "Core.Library\Core.Library.csproj", "{4AB8F3CB-1997-4528-A2A0-CDFD0260D42E}"
EndProject
Project("{9A19103F-16F7-4668-BE54-9A1E7A4F7556}") = "Core.Entities", "Core.Entities\Core.Entities.csproj", "{4E01727D-A8C1-4CC4-A0D3-E28C2199C675}"
EndProject
Project("{9A19103F-16F7-4668-BE54-9A1E7A4F7556}") = "Core.API", "Core.API\Core.API.csproj", "{5473F1F3-954B-4684-84FA-8C7719C18DC6}"
EndProject
Project("{9A19103F-16F7-4668-BE54-9A1E7A4F7556}") = "ApiWeb.Csharp", "ApiWeb.Csharp\ApiWeb.Csharp.csproj", "{0C2AA88E-3520-44A1-B8E5-860AB573F9FB}"
EndProject
Project("{9A19103F-16F7-4668-BE54-9A1E7A4F7556}") = "Core.Blazor", "Core.Blazor\Core.Blazor.csproj", "{8D87B4DA-0A43-4CD0-8D6E-6A06A46E2AC9}"
EndProject
Project("{9A19103F-16F7-4668-BE54-9A1E7A4F7556}") = "Blazor.Server", "Blazor\Server\Blazor.Server.csproj", "{0B96291B-21B1-466F-86D5-1265359C10F0}"
EndProject
Project("{9A19103F-16F7-4668-BE54-9A1E7A4F7556}") = "Blazor.Client", "Blazor\Client\Blazor.Client.csproj", "{4028B4F7-EB0D-43B8-BEDF-E4E0F1A6BD06}"
EndProject
Project("{9A19103F-16F7-4668-BE54-9A1E7A4F7556}") = "Blazor.Shared", "Blazor\Shared\Blazor.Shared.csproj", "{72D1ABB2-BFAF-4ED1-9160-6B532FC5E055}"
EndProject
Project("{9A19103F-16F7-4668-BE54-9A1E7A4F7556}") = "Contellation", "Contellation\Contellation.csproj", "{CF67D7DA-1B66-4BB0-9B45-58B323CAED61}"
EndProject
Project("{9A19103F-16F7-4668-BE54-9A1E7A4F7556}") = "Csharp.WebApi", "Csharp\WebApi\Csharp.WebApi.csproj", "{3C11F330-C44B-4DC4-89BF-7E891342C5F4}"
EndProject
Project("{9A19103F-16F7-4668-BE54-9A1E7A4F7556}") = "Csharp.CoreApi", "Csharp\CoreApi\Csharp.CoreApi.csproj", "{EAB82E42-75A7-445F-A6CB-DA1D7BBE49AB}"
EndProject
Global
	GlobalSection(SolutionConfigurationPlatforms) = preSolution
		Debug|Any CPU = Debug|Any CPU
		Release|Any CPU = Release|Any CPU
	EndGlobalSection
	GlobalSection(ProjectConfigurationPlatforms) = postSolution
		{90972A97-6446-49E6-81C0-A72F1959A0D0}.Debug|Any CPU.ActiveCfg = Debug|Any CPU
		{90972A97-6446-49E6-81C0-A72F1959A0D0}.Debug|Any CPU.Build.0 = Debug|Any CPU
		{90972A97-6446-49E6-81C0-A72F1959A0D0}.Release|Any CPU.ActiveCfg = Release|Any CPU
		{90972A97-6446-49E6-81C0-A72F1959A0D0}.Release|Any CPU.Build.0 = Release|Any CPU
		{4AB8F3CB-1997-4528-A2A0-CDFD0260D42E}.Debug|Any CPU.ActiveCfg = Debug|Any CPU
		{4AB8F3CB-1997-4528-A2A0-CDFD0260D42E}.Debug|Any CPU.Build.0 = Debug|Any CPU
		{4AB8F3CB-1997-4528-A2A0-CDFD0260D42E}.Release|Any CPU.ActiveCfg = Release|Any CPU
		{4AB8F3CB-1997-4528-A2A0-CDFD0260D42E}.Release|Any CPU.Build.0 = Release|Any CPU
		{4E01727D-A8C1-4CC4-A0D3-E28C2199C675}.Debug|Any CPU.ActiveCfg = Debug|Any CPU
		{4E01727D-A8C1-4CC4-A0D3-E28C2199C675}.Debug|Any CPU.Build.0 = Debug|Any CPU
		{4E01727D-A8C1-4CC4-A0D3-E28C2199C675}.Release|Any CPU.ActiveCfg = Release|Any CPU
		{4E01727D-A8C1-4CC4-A0D3-E28C2199C675}.Release|Any CPU.Build.0 = Release|Any CPU
		{5473F1F3-954B-4684-84FA-8C7719C18DC6}.Debug|Any CPU.ActiveCfg = Debug|Any CPU
		{5473F1F3-954B-4684-84FA-8C7719C18DC6}.Debug|Any CPU.Build.0 = Debug|Any CPU
		{5473F1F3-954B-4684-84FA-8C7719C18DC6}.Release|Any CPU.ActiveCfg = Release|Any CPU
		{5473F1F3-954B-4684-84FA-8C7719C18DC6}.Release|Any CPU.Build.0 = Release|Any CPU
		{0C2AA88E-3520-44A1-B8E5-860AB573F9FB}.Debug|Any CPU.ActiveCfg = Debug|Any CPU
		{0C2AA88E-3520-44A1-B8E5-860AB573F9FB}.Debug|Any CPU.Build.0 = Debug|Any CPU
		{0C2AA88E-3520-44A1-B8E5-860AB573F9FB}.Release|Any CPU.ActiveCfg = Release|Any CPU
		{0C2AA88E-3520-44A1-B8E5-860AB573F9FB}.Release|Any CPU.Build.0 = Release|Any CPU
		{8D87B4DA-0A43-4CD0-8D6E-6A06A46E2AC9}.Debug|Any CPU.ActiveCfg = Debug|Any CPU
		{8D87B4DA-0A43-4CD0-8D6E-6A06A46E2AC9}.Debug|Any CPU.Build.0 = Debug|Any CPU
		{8D87B4DA-0A43-4CD0-8D6E-6A06A46E2AC9}.Release|Any CPU.ActiveCfg = Release|Any CPU
		{8D87B4DA-0A43-4CD0-8D6E-6A06A46E2AC9}.Release|Any CPU.Build.0 = Release|Any CPU
		{0B96291B-21B1-466F-86D5-1265359C10F0}.Debug|Any CPU.ActiveCfg = Debug|Any CPU
		{0B96291B-21B1-466F-86D5-1265359C10F0}.Debug|Any CPU.Build.0 = Debug|Any CPU
		{0B96291B-21B1-466F-86D5-1265359C10F0}.Release|Any CPU.ActiveCfg = Release|Any CPU
		{0B96291B-21B1-466F-86D5-1265359C10F0}.Release|Any CPU.Build.0 = Release|Any CPU
		{4028B4F7-EB0D-43B8-BEDF-E4E0F1A6BD06}.Debug|Any CPU.ActiveCfg = Debug|Any CPU
		{4028B4F7-EB0D-43B8-BEDF-E4E0F1A6BD06}.Debug|Any CPU.Build.0 = Debug|Any CPU
		{4028B4F7-EB0D-43B8-BEDF-E4E0F1A6BD06}.Release|Any CPU.ActiveCfg = Release|Any CPU
		{4028B4F7-EB0D-43B8-BEDF-E4E0F1A6BD06}.Release|Any CPU.Build.0 = Release|Any CPU
		{72D1ABB2-BFAF-4ED1-9160-6B532FC5E055}.Debug|Any CPU.ActiveCfg = Debug|Any CPU
		{72D1ABB2-BFAF-4ED1-9160-6B532FC5E055}.Debug|Any CPU.Build.0 = Debug|Any CPU
		{72D1ABB2-BFAF-4ED1-9160-6B532FC5E055}.Release|Any CPU.ActiveCfg = Release|Any CPU
		{72D1ABB2-BFAF-4ED1-9160-6B532FC5E055}.Release|Any CPU.Build.0 = Release|Any CPU
		{CF67D7DA-1B66-4BB0-9B45-58B323CAED61}.Debug|Any CPU.ActiveCfg = Debug|Any CPU
		{CF67D7DA-1B66-4BB0-9B45-58B323CAED61}.Debug|Any CPU.Build.0 = Debug|Any CPU
		{CF67D7DA-1B66-4BB0-9B45-58B323CAED61}.Release|Any CPU.ActiveCfg = Release|Any CPU
		{CF67D7DA-1B66-4BB0-9B45-58B323CAED61}.Release|Any CPU.Build.0 = Release|Any CPU
		{3C11F330-C44B-4DC4-89BF-7E891342C5F4}.Debug|Any CPU.ActiveCfg = Debug|Any CPU
		{3C11F330-C44B-4DC4-89BF-7E891342C5F4}.Debug|Any CPU.Build.0 = Debug|Any CPU
		{3C11F330-C44B-4DC4-89BF-7E891342C5F4}.Release|Any CPU.ActiveCfg = Release|Any CPU
		{3C11F330-C44B-4DC4-89BF-7E891342C5F4}.Release|Any CPU.Build.0 = Release|Any CPU
		{EAB82E42-75A7-445F-A6CB-DA1D7BBE49AB}.Debug|Any CPU.ActiveCfg = Debug|Any CPU
		{EAB82E42-75A7-445F-A6CB-DA1D7BBE49AB}.Debug|Any CPU.Build.0 = Debug|Any CPU
		{EAB82E42-75A7-445F-A6CB-DA1D7BBE49AB}.Release|Any CPU.ActiveCfg = Release|Any CPU
		{EAB82E42-75A7-445F-A6CB-DA1D7BBE49AB}.Release|Any CPU.Build.0 = Release|Any CPU
	EndGlobalSection
	GlobalSection(SolutionProperties) = preSolution
		HideSolutionNode = FALSE
	EndGlobalSection
	GlobalSection(NestedProjects) = preSolution
		{90972A97-6446-49E6-81C0-A72F1959A0D0} = {59ABDEC6-B824-49DC-B347-F41DA454AFF0}
		{4AB8F3CB-1997-4528-A2A0-CDFD0260D42E} = {59ABDEC6-B824-49DC-B347-F41DA454AFF0}
		{4E01727D-A8C1-4CC4-A0D3-E28C2199C675} = {59ABDEC6-B824-49DC-B347-F41DA454AFF0}
		{5473F1F3-954B-4684-84FA-8C7719C18DC6} = {59ABDEC6-B824-49DC-B347-F41DA454AFF0}
		{0C2AA88E-3520-44A1-B8E5-860AB573F9FB} = {23908CF1-F4BD-4BD3-BA22-00656B1CBC68}
		{8D87B4DA-0A43-4CD0-8D6E-6A06A46E2AC9} = {59ABDEC6-B824-49DC-B347-F41DA454AFF0}
		{0B96291B-21B1-466F-86D5-1265359C10F0} = {88C17F38-6CCF-4430-B226-2CED8F766ED6}
		{4028B4F7-EB0D-43B8-BEDF-E4E0F1A6BD06} = {88C17F38-6CCF-4430-B226-2CED8F766ED6}
		{72D1ABB2-BFAF-4ED1-9160-6B532FC5E055} = {88C17F38-6CCF-4430-B226-2CED8F766ED6}
		{CF67D7DA-1B66-4BB0-9B45-58B323CAED61} = {7051483E-FA2A-4228-833D-27A666863EFB}
		{3C11F330-C44B-4DC4-89BF-7E891342C5F4} = {23908CF1-F4BD-4BD3-BA22-00656B1CBC68}
		{EAB82E42-75A7-445F-A6CB-DA1D7BBE49AB} = {23908CF1-F4BD-4BD3-BA22-00656B1CBC68}
	EndGlobalSection
	GlobalSection(ExtensibilityGlobals) = postSolution
		SolutionGuid = {6019B6CB-5E0E-4050-9701-A995F5DB1A8B}
	EndGlobalSection
EndGlobal
