
Microsoft Visual Studio Solution File, Format Version 12.00
# Visual Studio Version 17
VisualStudioVersion = 17.8.34408.163
MinimumVisualStudioVersion = 10.0.40219.1
Project("{2150E333-8FDC-42A3-9474-1A3956D46DE8}") = "Contellation.API", "Contellation.API", "{23908CF1-F4BD-4BD3-BA22-00656B1CBC68}"
EndProject
Project("{2150E333-8FDC-42A3-9474-1A3956D46DE8}") = "Contellation.Desktop", "Contellation.Desktop", "{7051483E-FA2A-4228-833D-27A666863EFB}"
EndProject
Project("{2150E333-8FDC-42A3-9474-1A3956D46DE8}") = "Contellation.Web", "Contellation.Web", "{88C17F38-6CCF-4430-B226-2CED8F766ED6}"
EndProject
Project("{2150E333-8FDC-42A3-9474-1A3956D46DE8}") = "Contellation.Mobile", "Contellation.Mobile", "{12C00A32-CC6F-4A19-8386-127AA68B2E72}"
EndProject
Project("{2150E333-8FDC-42A3-9474-1A3956D46DE8}") = "Contellation.Core", "Contellation.Core", "{59ABDEC6-B824-49DC-B347-F41DA454AFF0}"
EndProject
Project("{9A19103F-16F7-4668-BE54-9A1E7A4F7556}") = "Core.WPF", "Core.WPF\Core.WPF.csproj", "{90972A97-6446-49E6-81C0-A72F1959A0D0}"
EndProject
Project("{9A19103F-16F7-4668-BE54-9A1E7A4F7556}") = "Core.Library", "Core.Library\Core.Library.csproj", "{4AB8F3CB-1997-4528-A2A0-CDFD0260D42E}"
EndProject
Project("{9A19103F-16F7-4668-BE54-9A1E7A4F7556}") = "Core.Entities", "Core.Entities\Core.Entities.csproj", "{4E01727D-A8C1-4CC4-A0D3-E28C2199C675}"
EndProject
Project("{9A19103F-16F7-4668-BE54-9A1E7A4F7556}") = "Core.API", "Core.API\Core.API.csproj", "{5473F1F3-954B-4684-84FA-8C7719C18DC6}"
EndProject
Project("{9A19103F-16F7-4668-BE54-9A1E7A4F7556}") = "ApiWeb.Csharp", "ApiWeb.Csharp\ApiWeb.Csharp.csproj", "{0C2AA88E-3520-44A1-B8E5-860AB573F9FB}"
EndProject
Project("{9A19103F-16F7-4668-BE54-9A1E7A4F7556}") = "Core.Blazor", "Core.Blazor\Core.Blazor.csproj", "{8D87B4DA-0A43-4CD0-8D6E-6A06A46E2AC9}"
EndProject
Project("{9A19103F-16F7-4668-BE54-9A1E7A4F7556}") = "Blazor.Server", "Blazor\Server\Blazor.Server.csproj", "{0B96291B-21B1-466F-86D5-1265359C10F0}"
EndProject
Project("{9A19103F-16F7-4668-BE54-9A1E7A4F7556}") = "Blazor.Client", "Blazor\Client\Blazor.Client.csproj", "{4028B4F7-EB0D-43B8-BEDF-E4E0F1A6BD06}"
EndProject
Project("{9A19103F-16F7-4668-BE54-9A1E7A4F7556}") = "Blazor.Shared", "Blazor\Shared\Blazor.Shared.csproj", "{72D1ABB2-BFAF-4ED1-9160-6B532FC5E055}"
EndProject
Project("{9A19103F-16F7-4668-BE54-9A1E7A4F7556}") = "Contellation", "Contellation\Contellation.csproj", "{CF67D7DA-1B66-4BB0-9B45-58B323CAED61}"
EndProject
Project("{9A19103F-16F7-4668-BE54-9A1E7A4F7556}") = "Csharp.WebApi", "Csharp\WebApi\Csharp.WebApi.csproj", "{3C11F330-C44B-4DC4-89BF-7E891342C5F4}"
EndProject
Project("{9A19103F-16F7-4668-BE54-9A1E7A4F7556}") = "Csharp.CoreApi", "Csharp\CoreApi\Csharp.CoreApi.csproj", "{EAB82E42-75A7-445F-A6CB-DA1D7BBE49AB}"
EndProject
Project("{FAE04EC0-301F-11D3-BF4B-00C04F79EFBC}") = "Mobile.Android", "Mobile\Mobile.Android\Mobile.Android.csproj", "{3C6E9296-6CF2-46E7-811C-04F61320B547}"
EndProject
Project("{FAE04EC0-301F-11D3-BF4B-00C04F79EFBC}") = "Mobile.iOS", "Mobile\Mobile.iOS\Mobile.iOS.csproj", "{5E22B689-B645-44A9-9B9B-5332540C997C}"
EndProject
Project("{9A19103F-16F7-4668-BE54-9A1E7A4F7556}") = "Mobile", "Mobile\Mobile\Mobile.csproj", "{4BB46CCF-7B7C-4D59-A612-8B83024A9F7D}"
EndProject
Global
	GlobalSection(SolutionConfigurationPlatforms) = preSolution
		Debug|Any CPU = Debug|Any CPU
		Debug|ARM = Debug|ARM
		Debug|iPhone = Debug|iPhone
		Debug|iPhoneSimulator = Debug|iPhoneSimulator
		Debug|x64 = Debug|x64
		Debug|x86 = Debug|x86
		Release|Any CPU = Release|Any CPU
		Release|ARM = Release|ARM
		Release|iPhone = Release|iPhone
		Release|iPhoneSimulator = Release|iPhoneSimulator
		Release|x64 = Release|x64
		Release|x86 = Release|x86
	EndGlobalSection
	GlobalSection(ProjectConfigurationPlatforms) = postSolution
		{90972A97-6446-49E6-81C0-A72F1959A0D0}.Debug|Any CPU.ActiveCfg = Debug|Any CPU
		{90972A97-6446-49E6-81C0-A72F1959A0D0}.Debug|Any CPU.Build.0 = Debug|Any CPU
		{90972A97-6446-49E6-81C0-A72F1959A0D0}.Debug|ARM.ActiveCfg = Debug|Any CPU
		{90972A97-6446-49E6-81C0-A72F1959A0D0}.Debug|ARM.Build.0 = Debug|Any CPU
		{90972A97-6446-49E6-81C0-A72F1959A0D0}.Debug|iPhone.ActiveCfg = Debug|Any CPU
		{90972A97-6446-49E6-81C0-A72F1959A0D0}.Debug|iPhone.Build.0 = Debug|Any CPU
		{90972A97-6446-49E6-81C0-A72F1959A0D0}.Debug|iPhoneSimulator.ActiveCfg = Debug|Any CPU
		{90972A97-6446-49E6-81C0-A72F1959A0D0}.Debug|iPhoneSimulator.Build.0 = Debug|Any CPU
		{90972A97-6446-49E6-81C0-A72F1959A0D0}.Debug|x64.ActiveCfg = Debug|Any CPU
		{90972A97-6446-49E6-81C0-A72F1959A0D0}.Debug|x64.Build.0 = Debug|Any CPU
		{90972A97-6446-49E6-81C0-A72F1959A0D0}.Debug|x86.ActiveCfg = Debug|Any CPU
		{90972A97-6446-49E6-81C0-A72F1959A0D0}.Debug|x86.Build.0 = Debug|Any CPU
		{90972A97-6446-49E6-81C0-A72F1959A0D0}.Release|Any CPU.ActiveCfg = Release|Any CPU
		{90972A97-6446-49E6-81C0-A72F1959A0D0}.Release|Any CPU.Build.0 = Release|Any CPU
		{90972A97-6446-49E6-81C0-A72F1959A0D0}.Release|ARM.ActiveCfg = Release|Any CPU
		{90972A97-6446-49E6-81C0-A72F1959A0D0}.Release|ARM.Build.0 = Release|Any CPU
		{90972A97-6446-49E6-81C0-A72F1959A0D0}.Release|iPhone.ActiveCfg = Release|Any CPU
		{90972A97-6446-49E6-81C0-A72F1959A0D0}.Release|iPhone.Build.0 = Release|Any CPU
		{90972A97-6446-49E6-81C0-A72F1959A0D0}.Release|iPhoneSimulator.ActiveCfg = Release|Any CPU
		{90972A97-6446-49E6-81C0-A72F1959A0D0}.Release|iPhoneSimulator.Build.0 = Release|Any CPU
		{90972A97-6446-49E6-81C0-A72F1959A0D0}.Release|x64.ActiveCfg = Release|Any CPU
		{90972A97-6446-49E6-81C0-A72F1959A0D0}.Release|x64.Build.0 = Release|Any CPU
		{90972A97-6446-49E6-81C0-A72F1959A0D0}.Release|x86.ActiveCfg = Release|Any CPU
		{90972A97-6446-49E6-81C0-A72F1959A0D0}.Release|x86.Build.0 = Release|Any CPU
		{4AB8F3CB-1997-4528-A2A0-CDFD0260D42E}.Debug|Any CPU.ActiveCfg = Debug|Any CPU
		{4AB8F3CB-1997-4528-A2A0-CDFD0260D42E}.Debug|Any CPU.Build.0 = Debug|Any CPU
		{4AB8F3CB-1997-4528-A2A0-CDFD0260D42E}.Debug|ARM.ActiveCfg = Debug|Any CPU
		{4AB8F3CB-1997-4528-A2A0-CDFD0260D42E}.Debug|ARM.Build.0 = Debug|Any CPU
		{4AB8F3CB-1997-4528-A2A0-CDFD0260D42E}.Debug|iPhone.ActiveCfg = Debug|Any CPU
		{4AB8F3CB-1997-4528-A2A0-CDFD0260D42E}.Debug|iPhone.Build.0 = Debug|Any CPU
		{4AB8F3CB-1997-4528-A2A0-CDFD0260D42E}.Debug|iPhoneSimulator.ActiveCfg = Debug|Any CPU
		{4AB8F3CB-1997-4528-A2A0-CDFD0260D42E}.Debug|iPhoneSimulator.Build.0 = Debug|Any CPU
		{4AB8F3CB-1997-4528-A2A0-CDFD0260D42E}.Debug|x64.ActiveCfg = Debug|Any CPU
		{4AB8F3CB-1997-4528-A2A0-CDFD0260D42E}.Debug|x64.Build.0 = Debug|Any CPU
		{4AB8F3CB-1997-4528-A2A0-CDFD0260D42E}.Debug|x86.ActiveCfg = Debug|Any CPU
		{4AB8F3CB-1997-4528-A2A0-CDFD0260D42E}.Debug|x86.Build.0 = Debug|Any CPU
		{4AB8F3CB-1997-4528-A2A0-CDFD0260D42E}.Release|Any CPU.ActiveCfg = Release|Any CPU
		{4AB8F3CB-1997-4528-A2A0-CDFD0260D42E}.Release|Any CPU.Build.0 = Release|Any CPU
		{4AB8F3CB-1997-4528-A2A0-CDFD0260D42E}.Release|ARM.ActiveCfg = Release|Any CPU
		{4AB8F3CB-1997-4528-A2A0-CDFD0260D42E}.Release|ARM.Build.0 = Release|Any CPU
		{4AB8F3CB-1997-4528-A2A0-CDFD0260D42E}.Release|iPhone.ActiveCfg = Release|Any CPU
		{4AB8F3CB-1997-4528-A2A0-CDFD0260D42E}.Release|iPhone.Build.0 = Release|Any CPU
		{4AB8F3CB-1997-4528-A2A0-CDFD0260D42E}.Release|iPhoneSimulator.ActiveCfg = Release|Any CPU
		{4AB8F3CB-1997-4528-A2A0-CDFD0260D42E}.Release|iPhoneSimulator.Build.0 = Release|Any CPU
		{4AB8F3CB-1997-4528-A2A0-CDFD0260D42E}.Release|x64.ActiveCfg = Release|Any CPU
		{4AB8F3CB-1997-4528-A2A0-CDFD0260D42E}.Release|x64.Build.0 = Release|Any CPU
		{4AB8F3CB-1997-4528-A2A0-CDFD0260D42E}.Release|x86.ActiveCfg = Release|Any CPU
		{4AB8F3CB-1997-4528-A2A0-CDFD0260D42E}.Release|x86.Build.0 = Release|Any CPU
		{4E01727D-A8C1-4CC4-A0D3-E28C2199C675}.Debug|Any CPU.ActiveCfg = Debug|Any CPU
		{4E01727D-A8C1-4CC4-A0D3-E28C2199C675}.Debug|Any CPU.Build.0 = Debug|Any CPU
		{4E01727D-A8C1-4CC4-A0D3-E28C2199C675}.Debug|ARM.ActiveCfg = Debug|Any CPU
		{4E01727D-A8C1-4CC4-A0D3-E28C2199C675}.Debug|ARM.Build.0 = Debug|Any CPU
		{4E01727D-A8C1-4CC4-A0D3-E28C2199C675}.Debug|iPhone.ActiveCfg = Debug|Any CPU
		{4E01727D-A8C1-4CC4-A0D3-E28C2199C675}.Debug|iPhone.Build.0 = Debug|Any CPU
		{4E01727D-A8C1-4CC4-A0D3-E28C2199C675}.Debug|iPhoneSimulator.ActiveCfg = Debug|Any CPU
		{4E01727D-A8C1-4CC4-A0D3-E28C2199C675}.Debug|iPhoneSimulator.Build.0 = Debug|Any CPU
		{4E01727D-A8C1-4CC4-A0D3-E28C2199C675}.Debug|x64.ActiveCfg = Debug|Any CPU
		{4E01727D-A8C1-4CC4-A0D3-E28C2199C675}.Debug|x64.Build.0 = Debug|Any CPU
		{4E01727D-A8C1-4CC4-A0D3-E28C2199C675}.Debug|x86.ActiveCfg = Debug|Any CPU
		{4E01727D-A8C1-4CC4-A0D3-E28C2199C675}.Debug|x86.Build.0 = Debug|Any CPU
		{4E01727D-A8C1-4CC4-A0D3-E28C2199C675}.Release|Any CPU.ActiveCfg = Release|Any CPU
		{4E01727D-A8C1-4CC4-A0D3-E28C2199C675}.Release|Any CPU.Build.0 = Release|Any CPU
		{4E01727D-A8C1-4CC4-A0D3-E28C2199C675}.Release|ARM.ActiveCfg = Release|Any CPU
		{4E01727D-A8C1-4CC4-A0D3-E28C2199C675}.Release|ARM.Build.0 = Release|Any CPU
		{4E01727D-A8C1-4CC4-A0D3-E28C2199C675}.Release|iPhone.ActiveCfg = Release|Any CPU
		{4E01727D-A8C1-4CC4-A0D3-E28C2199C675}.Release|iPhone.Build.0 = Release|Any CPU
		{4E01727D-A8C1-4CC4-A0D3-E28C2199C675}.Release|iPhoneSimulator.ActiveCfg = Release|Any CPU
		{4E01727D-A8C1-4CC4-A0D3-E28C2199C675}.Release|iPhoneSimulator.Build.0 = Release|Any CPU
		{4E01727D-A8C1-4CC4-A0D3-E28C2199C675}.Release|x64.ActiveCfg = Release|Any CPU
		{4E01727D-A8C1-4CC4-A0D3-E28C2199C675}.Release|x64.Build.0 = Release|Any CPU
		{4E01727D-A8C1-4CC4-A0D3-E28C2199C675}.Release|x86.ActiveCfg = Release|Any CPU
		{4E01727D-A8C1-4CC4-A0D3-E28C2199C675}.Release|x86.Build.0 = Release|Any CPU
		{5473F1F3-954B-4684-84FA-8C7719C18DC6}.Debug|Any CPU.ActiveCfg = Debug|Any CPU
		{5473F1F3-954B-4684-84FA-8C7719C18DC6}.Debug|Any CPU.Build.0 = Debug|Any CPU
		{5473F1F3-954B-4684-84FA-8C7719C18DC6}.Debug|ARM.ActiveCfg = Debug|Any CPU
		{5473F1F3-954B-4684-84FA-8C7719C18DC6}.Debug|ARM.Build.0 = Debug|Any CPU
		{5473F1F3-954B-4684-84FA-8C7719C18DC6}.Debug|iPhone.ActiveCfg = Debug|Any CPU
		{5473F1F3-954B-4684-84FA-8C7719C18DC6}.Debug|iPhone.Build.0 = Debug|Any CPU
		{5473F1F3-954B-4684-84FA-8C7719C18DC6}.Debug|iPhoneSimulator.ActiveCfg = Debug|Any CPU
		{5473F1F3-954B-4684-84FA-8C7719C18DC6}.Debug|iPhoneSimulator.Build.0 = Debug|Any CPU
		{5473F1F3-954B-4684-84FA-8C7719C18DC6}.Debug|x64.ActiveCfg = Debug|Any CPU
		{5473F1F3-954B-4684-84FA-8C7719C18DC6}.Debug|x64.Build.0 = Debug|Any CPU
		{5473F1F3-954B-4684-84FA-8C7719C18DC6}.Debug|x86.ActiveCfg = Debug|Any CPU
		{5473F1F3-954B-4684-84FA-8C7719C18DC6}.Debug|x86.Build.0 = Debug|Any CPU
		{5473F1F3-954B-4684-84FA-8C7719C18DC6}.Release|Any CPU.ActiveCfg = Release|Any CPU
		{5473F1F3-954B-4684-84FA-8C7719C18DC6}.Release|Any CPU.Build.0 = Release|Any CPU
		{5473F1F3-954B-4684-84FA-8C7719C18DC6}.Release|ARM.ActiveCfg = Release|Any CPU
		{5473F1F3-954B-4684-84FA-8C7719C18DC6}.Release|ARM.Build.0 = Release|Any CPU
		{5473F1F3-954B-4684-84FA-8C7719C18DC6}.Release|iPhone.ActiveCfg = Release|Any CPU
		{5473F1F3-954B-4684-84FA-8C7719C18DC6}.Release|iPhone.Build.0 = Release|Any CPU
		{5473F1F3-954B-4684-84FA-8C7719C18DC6}.Release|iPhoneSimulator.ActiveCfg = Release|Any CPU
		{5473F1F3-954B-4684-84FA-8C7719C18DC6}.Release|iPhoneSimulator.Build.0 = Release|Any CPU
		{5473F1F3-954B-4684-84FA-8C7719C18DC6}.Release|x64.ActiveCfg = Release|Any CPU
		{5473F1F3-954B-4684-84FA-8C7719C18DC6}.Release|x64.Build.0 = Release|Any CPU
		{5473F1F3-954B-4684-84FA-8C7719C18DC6}.Release|x86.ActiveCfg = Release|Any CPU
		{5473F1F3-954B-4684-84FA-8C7719C18DC6}.Release|x86.Build.0 = Release|Any CPU
		{0C2AA88E-3520-44A1-B8E5-860AB573F9FB}.Debug|Any CPU.ActiveCfg = Debug|Any CPU
		{0C2AA88E-3520-44A1-B8E5-860AB573F9FB}.Debug|Any CPU.Build.0 = Debug|Any CPU
		{0C2AA88E-3520-44A1-B8E5-860AB573F9FB}.Debug|ARM.ActiveCfg = Debug|Any CPU
		{0C2AA88E-3520-44A1-B8E5-860AB573F9FB}.Debug|ARM.Build.0 = Debug|Any CPU
		{0C2AA88E-3520-44A1-B8E5-860AB573F9FB}.Debug|iPhone.ActiveCfg = Debug|Any CPU
		{0C2AA88E-3520-44A1-B8E5-860AB573F9FB}.Debug|iPhone.Build.0 = Debug|Any CPU
		{0C2AA88E-3520-44A1-B8E5-860AB573F9FB}.Debug|iPhoneSimulator.ActiveCfg = Debug|Any CPU
		{0C2AA88E-3520-44A1-B8E5-860AB573F9FB}.Debug|iPhoneSimulator.Build.0 = Debug|Any CPU
		{0C2AA88E-3520-44A1-B8E5-860AB573F9FB}.Debug|x64.ActiveCfg = Debug|Any CPU
		{0C2AA88E-3520-44A1-B8E5-860AB573F9FB}.Debug|x64.Build.0 = Debug|Any CPU
		{0C2AA88E-3520-44A1-B8E5-860AB573F9FB}.Debug|x86.ActiveCfg = Debug|Any CPU
		{0C2AA88E-3520-44A1-B8E5-860AB573F9FB}.Debug|x86.Build.0 = Debug|Any CPU
		{0C2AA88E-3520-44A1-B8E5-860AB573F9FB}.Release|Any CPU.ActiveCfg = Release|Any CPU
		{0C2AA88E-3520-44A1-B8E5-860AB573F9FB}.Release|Any CPU.Build.0 = Release|Any CPU
		{0C2AA88E-3520-44A1-B8E5-860AB573F9FB}.Release|ARM.ActiveCfg = Release|Any CPU
		{0C2AA88E-3520-44A1-B8E5-860AB573F9FB}.Release|ARM.Build.0 = Release|Any CPU
		{0C2AA88E-3520-44A1-B8E5-860AB573F9FB}.Release|iPhone.ActiveCfg = Release|Any CPU
		{0C2AA88E-3520-44A1-B8E5-860AB573F9FB}.Release|iPhone.Build.0 = Release|Any CPU
		{0C2AA88E-3520-44A1-B8E5-860AB573F9FB}.Release|iPhoneSimulator.ActiveCfg = Release|Any CPU
		{0C2AA88E-3520-44A1-B8E5-860AB573F9FB}.Release|iPhoneSimulator.Build.0 = Release|Any CPU
		{0C2AA88E-3520-44A1-B8E5-860AB573F9FB}.Release|x64.ActiveCfg = Release|Any CPU
		{0C2AA88E-3520-44A1-B8E5-860AB573F9FB}.Release|x64.Build.0 = Release|Any CPU
		{0C2AA88E-3520-44A1-B8E5-860AB573F9FB}.Release|x86.ActiveCfg = Release|Any CPU
		{0C2AA88E-3520-44A1-B8E5-860AB573F9FB}.Release|x86.Build.0 = Release|Any CPU
		{8D87B4DA-0A43-4CD0-8D6E-6A06A46E2AC9}.Debug|Any CPU.ActiveCfg = Debug|Any CPU
		{8D87B4DA-0A43-4CD0-8D6E-6A06A46E2AC9}.Debug|Any CPU.Build.0 = Debug|Any CPU
		{8D87B4DA-0A43-4CD0-8D6E-6A06A46E2AC9}.Debug|ARM.ActiveCfg = Debug|Any CPU
		{8D87B4DA-0A43-4CD0-8D6E-6A06A46E2AC9}.Debug|ARM.Build.0 = Debug|Any CPU
		{8D87B4DA-0A43-4CD0-8D6E-6A06A46E2AC9}.Debug|iPhone.ActiveCfg = Debug|Any CPU
		{8D87B4DA-0A43-4CD0-8D6E-6A06A46E2AC9}.Debug|iPhone.Build.0 = Debug|Any CPU
		{8D87B4DA-0A43-4CD0-8D6E-6A06A46E2AC9}.Debug|iPhoneSimulator.ActiveCfg = Debug|Any CPU
		{8D87B4DA-0A43-4CD0-8D6E-6A06A46E2AC9}.Debug|iPhoneSimulator.Build.0 = Debug|Any CPU
		{8D87B4DA-0A43-4CD0-8D6E-6A06A46E2AC9}.Debug|x64.ActiveCfg = Debug|Any CPU
		{8D87B4DA-0A43-4CD0-8D6E-6A06A46E2AC9}.Debug|x64.Build.0 = Debug|Any CPU
		{8D87B4DA-0A43-4CD0-8D6E-6A06A46E2AC9}.Debug|x86.ActiveCfg = Debug|Any CPU
		{8D87B4DA-0A43-4CD0-8D6E-6A06A46E2AC9}.Debug|x86.Build.0 = Debug|Any CPU
		{8D87B4DA-0A43-4CD0-8D6E-6A06A46E2AC9}.Release|Any CPU.ActiveCfg = Release|Any CPU
		{8D87B4DA-0A43-4CD0-8D6E-6A06A46E2AC9}.Release|Any CPU.Build.0 = Release|Any CPU
		{8D87B4DA-0A43-4CD0-8D6E-6A06A46E2AC9}.Release|ARM.ActiveCfg = Release|Any CPU
		{8D87B4DA-0A43-4CD0-8D6E-6A06A46E2AC9}.Release|ARM.Build.0 = Release|Any CPU
		{8D87B4DA-0A43-4CD0-8D6E-6A06A46E2AC9}.Release|iPhone.ActiveCfg = Release|Any CPU
		{8D87B4DA-0A43-4CD0-8D6E-6A06A46E2AC9}.Release|iPhone.Build.0 = Release|Any CPU
		{8D87B4DA-0A43-4CD0-8D6E-6A06A46E2AC9}.Release|iPhoneSimulator.ActiveCfg = Release|Any CPU
		{8D87B4DA-0A43-4CD0-8D6E-6A06A46E2AC9}.Release|iPhoneSimulator.Build.0 = Release|Any CPU
		{8D87B4DA-0A43-4CD0-8D6E-6A06A46E2AC9}.Release|x64.ActiveCfg = Release|Any CPU
		{8D87B4DA-0A43-4CD0-8D6E-6A06A46E2AC9}.Release|x64.Build.0 = Release|Any CPU
		{8D87B4DA-0A43-4CD0-8D6E-6A06A46E2AC9}.Release|x86.ActiveCfg = Release|Any CPU
		{8D87B4DA-0A43-4CD0-8D6E-6A06A46E2AC9}.Release|x86.Build.0 = Release|Any CPU
		{0B96291B-21B1-466F-86D5-1265359C10F0}.Debug|Any CPU.ActiveCfg = Debug|Any CPU
		{0B96291B-21B1-466F-86D5-1265359C10F0}.Debug|Any CPU.Build.0 = Debug|Any CPU
		{0B96291B-21B1-466F-86D5-1265359C10F0}.Debug|ARM.ActiveCfg = Debug|Any CPU
		{0B96291B-21B1-466F-86D5-1265359C10F0}.Debug|ARM.Build.0 = Debug|Any CPU
		{0B96291B-21B1-466F-86D5-1265359C10F0}.Debug|iPhone.ActiveCfg = Debug|Any CPU
		{0B96291B-21B1-466F-86D5-1265359C10F0}.Debug|iPhone.Build.0 = Debug|Any CPU
		{0B96291B-21B1-466F-86D5-1265359C10F0}.Debug|iPhoneSimulator.ActiveCfg = Debug|Any CPU
		{0B96291B-21B1-466F-86D5-1265359C10F0}.Debug|iPhoneSimulator.Build.0 = Debug|Any CPU
		{0B96291B-21B1-466F-86D5-1265359C10F0}.Debug|x64.ActiveCfg = Debug|Any CPU
		{0B96291B-21B1-466F-86D5-1265359C10F0}.Debug|x64.Build.0 = Debug|Any CPU
		{0B96291B-21B1-466F-86D5-1265359C10F0}.Debug|x86.ActiveCfg = Debug|Any CPU
		{0B96291B-21B1-466F-86D5-1265359C10F0}.Debug|x86.Build.0 = Debug|Any CPU
		{0B96291B-21B1-466F-86D5-1265359C10F0}.Release|Any CPU.ActiveCfg = Release|Any CPU
		{0B96291B-21B1-466F-86D5-1265359C10F0}.Release|Any CPU.Build.0 = Release|Any CPU
		{0B96291B-21B1-466F-86D5-1265359C10F0}.Release|ARM.ActiveCfg = Release|Any CPU
		{0B96291B-21B1-466F-86D5-1265359C10F0}.Release|ARM.Build.0 = Release|Any CPU
		{0B96291B-21B1-466F-86D5-1265359C10F0}.Release|iPhone.ActiveCfg = Release|Any CPU
		{0B96291B-21B1-466F-86D5-1265359C10F0}.Release|iPhone.Build.0 = Release|Any CPU
		{0B96291B-21B1-466F-86D5-1265359C10F0}.Release|iPhoneSimulator.ActiveCfg = Release|Any CPU
		{0B96291B-21B1-466F-86D5-1265359C10F0}.Release|iPhoneSimulator.Build.0 = Release|Any CPU
		{0B96291B-21B1-466F-86D5-1265359C10F0}.Release|x64.ActiveCfg = Release|Any CPU
		{0B96291B-21B1-466F-86D5-1265359C10F0}.Release|x64.Build.0 = Release|Any CPU
		{0B96291B-21B1-466F-86D5-1265359C10F0}.Release|x86.ActiveCfg = Release|Any CPU
		{0B96291B-21B1-466F-86D5-1265359C10F0}.Release|x86.Build.0 = Release|Any CPU
		{4028B4F7-EB0D-43B8-BEDF-E4E0F1A6BD06}.Debug|Any CPU.ActiveCfg = Debug|Any CPU
		{4028B4F7-EB0D-43B8-BEDF-E4E0F1A6BD06}.Debug|Any CPU.Build.0 = Debug|Any CPU
		{4028B4F7-EB0D-43B8-BEDF-E4E0F1A6BD06}.Debug|ARM.ActiveCfg = Debug|Any CPU
		{4028B4F7-EB0D-43B8-BEDF-E4E0F1A6BD06}.Debug|ARM.Build.0 = Debug|Any CPU
		{4028B4F7-EB0D-43B8-BEDF-E4E0F1A6BD06}.Debug|iPhone.ActiveCfg = Debug|Any CPU
		{4028B4F7-EB0D-43B8-BEDF-E4E0F1A6BD06}.Debug|iPhone.Build.0 = Debug|Any CPU
		{4028B4F7-EB0D-43B8-BEDF-E4E0F1A6BD06}.Debug|iPhoneSimulator.ActiveCfg = Debug|Any CPU
		{4028B4F7-EB0D-43B8-BEDF-E4E0F1A6BD06}.Debug|iPhoneSimulator.Build.0 = Debug|Any CPU
		{4028B4F7-EB0D-43B8-BEDF-E4E0F1A6BD06}.Debug|x64.ActiveCfg = Debug|Any CPU
		{4028B4F7-EB0D-43B8-BEDF-E4E0F1A6BD06}.Debug|x64.Build.0 = Debug|Any CPU
		{4028B4F7-EB0D-43B8-BEDF-E4E0F1A6BD06}.Debug|x86.ActiveCfg = Debug|Any CPU
		{4028B4F7-EB0D-43B8-BEDF-E4E0F1A6BD06}.Debug|x86.Build.0 = Debug|Any CPU
		{4028B4F7-EB0D-43B8-BEDF-E4E0F1A6BD06}.Release|Any CPU.ActiveCfg = Release|Any CPU
		{4028B4F7-EB0D-43B8-BEDF-E4E0F1A6BD06}.Release|Any CPU.Build.0 = Release|Any CPU
		{4028B4F7-EB0D-43B8-BEDF-E4E0F1A6BD06}.Release|ARM.ActiveCfg = Release|Any CPU
		{4028B4F7-EB0D-43B8-BEDF-E4E0F1A6BD06}.Release|ARM.Build.0 = Release|Any CPU
		{4028B4F7-EB0D-43B8-BEDF-E4E0F1A6BD06}.Release|iPhone.ActiveCfg = Release|Any CPU
		{4028B4F7-EB0D-43B8-BEDF-E4E0F1A6BD06}.Release|iPhone.Build.0 = Release|Any CPU
		{4028B4F7-EB0D-43B8-BEDF-E4E0F1A6BD06}.Release|iPhoneSimulator.ActiveCfg = Release|Any CPU
		{4028B4F7-EB0D-43B8-BEDF-E4E0F1A6BD06}.Release|iPhoneSimulator.Build.0 = Release|Any CPU
		{4028B4F7-EB0D-43B8-BEDF-E4E0F1A6BD06}.Release|x64.ActiveCfg = Release|Any CPU
		{4028B4F7-EB0D-43B8-BEDF-E4E0F1A6BD06}.Release|x64.Build.0 = Release|Any CPU
		{4028B4F7-EB0D-43B8-BEDF-E4E0F1A6BD06}.Release|x86.ActiveCfg = Release|Any CPU
		{4028B4F7-EB0D-43B8-BEDF-E4E0F1A6BD06}.Release|x86.Build.0 = Release|Any CPU
		{72D1ABB2-BFAF-4ED1-9160-6B532FC5E055}.Debug|Any CPU.ActiveCfg = Debug|Any CPU
		{72D1ABB2-BFAF-4ED1-9160-6B532FC5E055}.Debug|Any CPU.Build.0 = Debug|Any CPU
		{72D1ABB2-BFAF-4ED1-9160-6B532FC5E055}.Debug|ARM.ActiveCfg = Debug|Any CPU
		{72D1ABB2-BFAF-4ED1-9160-6B532FC5E055}.Debug|ARM.Build.0 = Debug|Any CPU
		{72D1ABB2-BFAF-4ED1-9160-6B532FC5E055}.Debug|iPhone.ActiveCfg = Debug|Any CPU
		{72D1ABB2-BFAF-4ED1-9160-6B532FC5E055}.Debug|iPhone.Build.0 = Debug|Any CPU
		{72D1ABB2-BFAF-4ED1-9160-6B532FC5E055}.Debug|iPhoneSimulator.ActiveCfg = Debug|Any CPU
		{72D1ABB2-BFAF-4ED1-9160-6B532FC5E055}.Debug|iPhoneSimulator.Build.0 = Debug|Any CPU
		{72D1ABB2-BFAF-4ED1-9160-6B532FC5E055}.Debug|x64.ActiveCfg = Debug|Any CPU
		{72D1ABB2-BFAF-4ED1-9160-6B532FC5E055}.Debug|x64.Build.0 = Debug|Any CPU
		{72D1ABB2-BFAF-4ED1-9160-6B532FC5E055}.Debug|x86.ActiveCfg = Debug|Any CPU
		{72D1ABB2-BFAF-4ED1-9160-6B532FC5E055}.Debug|x86.Build.0 = Debug|Any CPU
		{72D1ABB2-BFAF-4ED1-9160-6B532FC5E055}.Release|Any CPU.ActiveCfg = Release|Any CPU
		{72D1ABB2-BFAF-4ED1-9160-6B532FC5E055}.Release|Any CPU.Build.0 = Release|Any CPU
		{72D1ABB2-BFAF-4ED1-9160-6B532FC5E055}.Release|ARM.ActiveCfg = Release|Any CPU
		{72D1ABB2-BFAF-4ED1-9160-6B532FC5E055}.Release|ARM.Build.0 = Release|Any CPU
		{72D1ABB2-BFAF-4ED1-9160-6B532FC5E055}.Release|iPhone.ActiveCfg = Release|Any CPU
		{72D1ABB2-BFAF-4ED1-9160-6B532FC5E055}.Release|iPhone.Build.0 = Release|Any CPU
		{72D1ABB2-BFAF-4ED1-9160-6B532FC5E055}.Release|iPhoneSimulator.ActiveCfg = Release|Any CPU
		{72D1ABB2-BFAF-4ED1-9160-6B532FC5E055}.Release|iPhoneSimulator.Build.0 = Release|Any CPU
		{72D1ABB2-BFAF-4ED1-9160-6B532FC5E055}.Release|x64.ActiveCfg = Release|Any CPU
		{72D1ABB2-BFAF-4ED1-9160-6B532FC5E055}.Release|x64.Build.0 = Release|Any CPU
		{72D1ABB2-BFAF-4ED1-9160-6B532FC5E055}.Release|x86.ActiveCfg = Release|Any CPU
		{72D1ABB2-BFAF-4ED1-9160-6B532FC5E055}.Release|x86.Build.0 = Release|Any CPU
		{CF67D7DA-1B66-4BB0-9B45-58B323CAED61}.Debug|Any CPU.ActiveCfg = Debug|Any CPU
		{CF67D7DA-1B66-4BB0-9B45-58B323CAED61}.Debug|Any CPU.Build.0 = Debug|Any CPU
		{CF67D7DA-1B66-4BB0-9B45-58B323CAED61}.Debug|ARM.ActiveCfg = Debug|Any CPU
		{CF67D7DA-1B66-4BB0-9B45-58B323CAED61}.Debug|ARM.Build.0 = Debug|Any CPU
		{CF67D7DA-1B66-4BB0-9B45-58B323CAED61}.Debug|iPhone.ActiveCfg = Debug|Any CPU
		{CF67D7DA-1B66-4BB0-9B45-58B323CAED61}.Debug|iPhone.Build.0 = Debug|Any CPU
		{CF67D7DA-1B66-4BB0-9B45-58B323CAED61}.Debug|iPhoneSimulator.ActiveCfg = Debug|Any CPU
		{CF67D7DA-1B66-4BB0-9B45-58B323CAED61}.Debug|iPhoneSimulator.Build.0 = Debug|Any CPU
		{CF67D7DA-1B66-4BB0-9B45-58B323CAED61}.Debug|x64.ActiveCfg = Debug|Any CPU
		{CF67D7DA-1B66-4BB0-9B45-58B323CAED61}.Debug|x64.Build.0 = Debug|Any CPU
		{CF67D7DA-1B66-4BB0-9B45-58B323CAED61}.Debug|x86.ActiveCfg = Debug|Any CPU
		{CF67D7DA-1B66-4BB0-9B45-58B323CAED61}.Debug|x86.Build.0 = Debug|Any CPU
		{CF67D7DA-1B66-4BB0-9B45-58B323CAED61}.Release|Any CPU.ActiveCfg = Release|Any CPU
		{CF67D7DA-1B66-4BB0-9B45-58B323CAED61}.Release|Any CPU.Build.0 = Release|Any CPU
		{CF67D7DA-1B66-4BB0-9B45-58B323CAED61}.Release|ARM.ActiveCfg = Release|Any CPU
		{CF67D7DA-1B66-4BB0-9B45-58B323CAED61}.Release|ARM.Build.0 = Release|Any CPU
		{CF67D7DA-1B66-4BB0-9B45-58B323CAED61}.Release|iPhone.ActiveCfg = Release|Any CPU
		{CF67D7DA-1B66-4BB0-9B45-58B323CAED61}.Release|iPhone.Build.0 = Release|Any CPU
		{CF67D7DA-1B66-4BB0-9B45-58B323CAED61}.Release|iPhoneSimulator.ActiveCfg = Release|Any CPU
		{CF67D7DA-1B66-4BB0-9B45-58B323CAED61}.Release|iPhoneSimulator.Build.0 = Release|Any CPU
		{CF67D7DA-1B66-4BB0-9B45-58B323CAED61}.Release|x64.ActiveCfg = Release|Any CPU
		{CF67D7DA-1B66-4BB0-9B45-58B323CAED61}.Release|x64.Build.0 = Release|Any CPU
		{CF67D7DA-1B66-4BB0-9B45-58B323CAED61}.Release|x86.ActiveCfg = Release|Any CPU
		{CF67D7DA-1B66-4BB0-9B45-58B323CAED61}.Release|x86.Build.0 = Release|Any CPU
		{3C11F330-C44B-4DC4-89BF-7E891342C5F4}.Debug|Any CPU.ActiveCfg = Debug|Any CPU
		{3C11F330-C44B-4DC4-89BF-7E891342C5F4}.Debug|Any CPU.Build.0 = Debug|Any CPU
		{3C11F330-C44B-4DC4-89BF-7E891342C5F4}.Debug|ARM.ActiveCfg = Debug|Any CPU
		{3C11F330-C44B-4DC4-89BF-7E891342C5F4}.Debug|ARM.Build.0 = Debug|Any CPU
		{3C11F330-C44B-4DC4-89BF-7E891342C5F4}.Debug|iPhone.ActiveCfg = Debug|Any CPU
		{3C11F330-C44B-4DC4-89BF-7E891342C5F4}.Debug|iPhone.Build.0 = Debug|Any CPU
		{3C11F330-C44B-4DC4-89BF-7E891342C5F4}.Debug|iPhoneSimulator.ActiveCfg = Debug|Any CPU
		{3C11F330-C44B-4DC4-89BF-7E891342C5F4}.Debug|iPhoneSimulator.Build.0 = Debug|Any CPU
		{3C11F330-C44B-4DC4-89BF-7E891342C5F4}.Debug|x64.ActiveCfg = Debug|Any CPU
		{3C11F330-C44B-4DC4-89BF-7E891342C5F4}.Debug|x64.Build.0 = Debug|Any CPU
		{3C11F330-C44B-4DC4-89BF-7E891342C5F4}.Debug|x86.ActiveCfg = Debug|Any CPU
		{3C11F330-C44B-4DC4-89BF-7E891342C5F4}.Debug|x86.Build.0 = Debug|Any CPU
		{3C11F330-C44B-4DC4-89BF-7E891342C5F4}.Release|Any CPU.ActiveCfg = Release|Any CPU
		{3C11F330-C44B-4DC4-89BF-7E891342C5F4}.Release|Any CPU.Build.0 = Release|Any CPU
		{3C11F330-C44B-4DC4-89BF-7E891342C5F4}.Release|ARM.ActiveCfg = Release|Any CPU
		{3C11F330-C44B-4DC4-89BF-7E891342C5F4}.Release|ARM.Build.0 = Release|Any CPU
		{3C11F330-C44B-4DC4-89BF-7E891342C5F4}.Release|iPhone.ActiveCfg = Release|Any CPU
		{3C11F330-C44B-4DC4-89BF-7E891342C5F4}.Release|iPhone.Build.0 = Release|Any CPU
		{3C11F330-C44B-4DC4-89BF-7E891342C5F4}.Release|iPhoneSimulator.ActiveCfg = Release|Any CPU
		{3C11F330-C44B-4DC4-89BF-7E891342C5F4}.Release|iPhoneSimulator.Build.0 = Release|Any CPU
		{3C11F330-C44B-4DC4-89BF-7E891342C5F4}.Release|x64.ActiveCfg = Release|Any CPU
		{3C11F330-C44B-4DC4-89BF-7E891342C5F4}.Release|x64.Build.0 = Release|Any CPU
		{3C11F330-C44B-4DC4-89BF-7E891342C5F4}.Release|x86.ActiveCfg = Release|Any CPU
		{3C11F330-C44B-4DC4-89BF-7E891342C5F4}.Release|x86.Build.0 = Release|Any CPU
		{EAB82E42-75A7-445F-A6CB-DA1D7BBE49AB}.Debug|Any CPU.ActiveCfg = Debug|Any CPU
		{EAB82E42-75A7-445F-A6CB-DA1D7BBE49AB}.Debug|Any CPU.Build.0 = Debug|Any CPU
		{EAB82E42-75A7-445F-A6CB-DA1D7BBE49AB}.Debug|ARM.ActiveCfg = Debug|Any CPU
		{EAB82E42-75A7-445F-A6CB-DA1D7BBE49AB}.Debug|ARM.Build.0 = Debug|Any CPU
		{EAB82E42-75A7-445F-A6CB-DA1D7BBE49AB}.Debug|iPhone.ActiveCfg = Debug|Any CPU
		{EAB82E42-75A7-445F-A6CB-DA1D7BBE49AB}.Debug|iPhone.Build.0 = Debug|Any CPU
		{EAB82E42-75A7-445F-A6CB-DA1D7BBE49AB}.Debug|iPhoneSimulator.ActiveCfg = Debug|Any CPU
		{EAB82E42-75A7-445F-A6CB-DA1D7BBE49AB}.Debug|iPhoneSimulator.Build.0 = Debug|Any CPU
		{EAB82E42-75A7-445F-A6CB-DA1D7BBE49AB}.Debug|x64.ActiveCfg = Debug|Any CPU
		{EAB82E42-75A7-445F-A6CB-DA1D7BBE49AB}.Debug|x64.Build.0 = Debug|Any CPU
		{EAB82E42-75A7-445F-A6CB-DA1D7BBE49AB}.Debug|x86.ActiveCfg = Debug|Any CPU
		{EAB82E42-75A7-445F-A6CB-DA1D7BBE49AB}.Debug|x86.Build.0 = Debug|Any CPU
		{EAB82E42-75A7-445F-A6CB-DA1D7BBE49AB}.Release|Any CPU.ActiveCfg = Release|Any CPU
		{EAB82E42-75A7-445F-A6CB-DA1D7BBE49AB}.Release|Any CPU.Build.0 = Release|Any CPU
		{EAB82E42-75A7-445F-A6CB-DA1D7BBE49AB}.Release|ARM.ActiveCfg = Release|Any CPU
		{EAB82E42-75A7-445F-A6CB-DA1D7BBE49AB}.Release|ARM.Build.0 = Release|Any CPU
		{EAB82E42-75A7-445F-A6CB-DA1D7BBE49AB}.Release|iPhone.ActiveCfg = Release|Any CPU
		{EAB82E42-75A7-445F-A6CB-DA1D7BBE49AB}.Release|iPhone.Build.0 = Release|Any CPU
		{EAB82E42-75A7-445F-A6CB-DA1D7BBE49AB}.Release|iPhoneSimulator.ActiveCfg = Release|Any CPU
		{EAB82E42-75A7-445F-A6CB-DA1D7BBE49AB}.Release|iPhoneSimulator.Build.0 = Release|Any CPU
		{EAB82E42-75A7-445F-A6CB-DA1D7BBE49AB}.Release|x64.ActiveCfg = Release|Any CPU
		{EAB82E42-75A7-445F-A6CB-DA1D7BBE49AB}.Release|x64.Build.0 = Release|Any CPU
		{EAB82E42-75A7-445F-A6CB-DA1D7BBE49AB}.Release|x86.ActiveCfg = Release|Any CPU
		{EAB82E42-75A7-445F-A6CB-DA1D7BBE49AB}.Release|x86.Build.0 = Release|Any CPU
		{3C6E9296-6CF2-46E7-811C-04F61320B547}.Debug|Any CPU.ActiveCfg = Debug|Any CPU
		{3C6E9296-6CF2-46E7-811C-04F61320B547}.Debug|Any CPU.Build.0 = Debug|Any CPU
		{3C6E9296-6CF2-46E7-811C-04F61320B547}.Debug|Any CPU.Deploy.0 = Debug|Any CPU
		{3C6E9296-6CF2-46E7-811C-04F61320B547}.Debug|ARM.ActiveCfg = Debug|Any CPU
		{3C6E9296-6CF2-46E7-811C-04F61320B547}.Debug|ARM.Build.0 = Debug|Any CPU
		{3C6E9296-6CF2-46E7-811C-04F61320B547}.Debug|ARM.Deploy.0 = Debug|Any CPU
		{3C6E9296-6CF2-46E7-811C-04F61320B547}.Debug|iPhone.ActiveCfg = Debug|Any CPU
		{3C6E9296-6CF2-46E7-811C-04F61320B547}.Debug|iPhone.Build.0 = Debug|Any CPU
		{3C6E9296-6CF2-46E7-811C-04F61320B547}.Debug|iPhone.Deploy.0 = Debug|Any CPU
		{3C6E9296-6CF2-46E7-811C-04F61320B547}.Debug|iPhoneSimulator.ActiveCfg = Debug|Any CPU
		{3C6E9296-6CF2-46E7-811C-04F61320B547}.Debug|iPhoneSimulator.Build.0 = Debug|Any CPU
		{3C6E9296-6CF2-46E7-811C-04F61320B547}.Debug|iPhoneSimulator.Deploy.0 = Debug|Any CPU
		{3C6E9296-6CF2-46E7-811C-04F61320B547}.Debug|x64.ActiveCfg = Debug|Any CPU
		{3C6E9296-6CF2-46E7-811C-04F61320B547}.Debug|x64.Build.0 = Debug|Any CPU
		{3C6E9296-6CF2-46E7-811C-04F61320B547}.Debug|x64.Deploy.0 = Debug|Any CPU
		{3C6E9296-6CF2-46E7-811C-04F61320B547}.Debug|x86.ActiveCfg = Debug|Any CPU
		{3C6E9296-6CF2-46E7-811C-04F61320B547}.Debug|x86.Build.0 = Debug|Any CPU
		{3C6E9296-6CF2-46E7-811C-04F61320B547}.Debug|x86.Deploy.0 = Debug|Any CPU
		{3C6E9296-6CF2-46E7-811C-04F61320B547}.Release|Any CPU.ActiveCfg = Release|Any CPU
		{3C6E9296-6CF2-46E7-811C-04F61320B547}.Release|Any CPU.Build.0 = Release|Any CPU
		{3C6E9296-6CF2-46E7-811C-04F61320B547}.Release|Any CPU.Deploy.0 = Release|Any CPU
		{3C6E9296-6CF2-46E7-811C-04F61320B547}.Release|ARM.ActiveCfg = Release|Any CPU
		{3C6E9296-6CF2-46E7-811C-04F61320B547}.Release|ARM.Build.0 = Release|Any CPU
		{3C6E9296-6CF2-46E7-811C-04F61320B547}.Release|ARM.Deploy.0 = Release|Any CPU
		{3C6E9296-6CF2-46E7-811C-04F61320B547}.Release|iPhone.ActiveCfg = Release|Any CPU
		{3C6E9296-6CF2-46E7-811C-04F61320B547}.Release|iPhone.Build.0 = Release|Any CPU
		{3C6E9296-6CF2-46E7-811C-04F61320B547}.Release|iPhone.Deploy.0 = Release|Any CPU
		{3C6E9296-6CF2-46E7-811C-04F61320B547}.Release|iPhoneSimulator.ActiveCfg = Release|Any CPU
		{3C6E9296-6CF2-46E7-811C-04F61320B547}.Release|iPhoneSimulator.Build.0 = Release|Any CPU
		{3C6E9296-6CF2-46E7-811C-04F61320B547}.Release|iPhoneSimulator.Deploy.0 = Release|Any CPU
		{3C6E9296-6CF2-46E7-811C-04F61320B547}.Release|x64.ActiveCfg = Release|Any CPU
		{3C6E9296-6CF2-46E7-811C-04F61320B547}.Release|x64.Build.0 = Release|Any CPU
		{3C6E9296-6CF2-46E7-811C-04F61320B547}.Release|x64.Deploy.0 = Release|Any CPU
		{3C6E9296-6CF2-46E7-811C-04F61320B547}.Release|x86.ActiveCfg = Release|Any CPU
		{3C6E9296-6CF2-46E7-811C-04F61320B547}.Release|x86.Build.0 = Release|Any CPU
		{3C6E9296-6CF2-46E7-811C-04F61320B547}.Release|x86.Deploy.0 = Release|Any CPU
		{5E22B689-B645-44A9-9B9B-5332540C997C}.Debug|Any CPU.ActiveCfg = Debug|iPhoneSimulator
		{5E22B689-B645-44A9-9B9B-5332540C997C}.Debug|Any CPU.Build.0 = Debug|iPhoneSimulator
		{5E22B689-B645-44A9-9B9B-5332540C997C}.Debug|ARM.ActiveCfg = Debug|iPhoneSimulator
		{5E22B689-B645-44A9-9B9B-5332540C997C}.Debug|ARM.Build.0 = Debug|iPhoneSimulator
		{5E22B689-B645-44A9-9B9B-5332540C997C}.Debug|iPhone.ActiveCfg = Debug|iPhone
		{5E22B689-B645-44A9-9B9B-5332540C997C}.Debug|iPhone.Build.0 = Debug|iPhone
		{5E22B689-B645-44A9-9B9B-5332540C997C}.Debug|iPhoneSimulator.ActiveCfg = Debug|iPhoneSimulator
		{5E22B689-B645-44A9-9B9B-5332540C997C}.Debug|iPhoneSimulator.Build.0 = Debug|iPhoneSimulator
		{5E22B689-B645-44A9-9B9B-5332540C997C}.Debug|x64.ActiveCfg = Debug|iPhoneSimulator
		{5E22B689-B645-44A9-9B9B-5332540C997C}.Debug|x64.Build.0 = Debug|iPhoneSimulator
		{5E22B689-B645-44A9-9B9B-5332540C997C}.Debug|x86.ActiveCfg = Debug|iPhoneSimulator
		{5E22B689-B645-44A9-9B9B-5332540C997C}.Debug|x86.Build.0 = Debug|iPhoneSimulator
		{5E22B689-B645-44A9-9B9B-5332540C997C}.Release|Any CPU.ActiveCfg = Release|iPhoneSimulator
		{5E22B689-B645-44A9-9B9B-5332540C997C}.Release|Any CPU.Build.0 = Release|iPhoneSimulator
		{5E22B689-B645-44A9-9B9B-5332540C997C}.Release|ARM.ActiveCfg = Release|iPhoneSimulator
		{5E22B689-B645-44A9-9B9B-5332540C997C}.Release|ARM.Build.0 = Release|iPhoneSimulator
		{5E22B689-B645-44A9-9B9B-5332540C997C}.Release|iPhone.ActiveCfg = Release|iPhone
		{5E22B689-B645-44A9-9B9B-5332540C997C}.Release|iPhone.Build.0 = Release|iPhone
		{5E22B689-B645-44A9-9B9B-5332540C997C}.Release|iPhoneSimulator.ActiveCfg = Release|iPhoneSimulator
		{5E22B689-B645-44A9-9B9B-5332540C997C}.Release|iPhoneSimulator.Build.0 = Release|iPhoneSimulator
		{5E22B689-B645-44A9-9B9B-5332540C997C}.Release|x64.ActiveCfg = Release|iPhoneSimulator
		{5E22B689-B645-44A9-9B9B-5332540C997C}.Release|x64.Build.0 = Release|iPhoneSimulator
		{5E22B689-B645-44A9-9B9B-5332540C997C}.Release|x86.ActiveCfg = Release|iPhoneSimulator
		{5E22B689-B645-44A9-9B9B-5332540C997C}.Release|x86.Build.0 = Release|iPhoneSimulator
		{4BB46CCF-7B7C-4D59-A612-8B83024A9F7D}.Debug|Any CPU.ActiveCfg = Debug|Any CPU
		{4BB46CCF-7B7C-4D59-A612-8B83024A9F7D}.Debug|Any CPU.Build.0 = Debug|Any CPU
		{4BB46CCF-7B7C-4D59-A612-8B83024A9F7D}.Debug|ARM.ActiveCfg = Debug|Any CPU
		{4BB46CCF-7B7C-4D59-A612-8B83024A9F7D}.Debug|ARM.Build.0 = Debug|Any CPU
		{4BB46CCF-7B7C-4D59-A612-8B83024A9F7D}.Debug|iPhone.ActiveCfg = Debug|Any CPU
		{4BB46CCF-7B7C-4D59-A612-8B83024A9F7D}.Debug|iPhone.Build.0 = Debug|Any CPU
		{4BB46CCF-7B7C-4D59-A612-8B83024A9F7D}.Debug|iPhoneSimulator.ActiveCfg = Debug|Any CPU
		{4BB46CCF-7B7C-4D59-A612-8B83024A9F7D}.Debug|iPhoneSimulator.Build.0 = Debug|Any CPU
		{4BB46CCF-7B7C-4D59-A612-8B83024A9F7D}.Debug|x64.ActiveCfg = Debug|Any CPU
		{4BB46CCF-7B7C-4D59-A612-8B83024A9F7D}.Debug|x64.Build.0 = Debug|Any CPU
		{4BB46CCF-7B7C-4D59-A612-8B83024A9F7D}.Debug|x86.ActiveCfg = Debug|Any CPU
		{4BB46CCF-7B7C-4D59-A612-8B83024A9F7D}.Debug|x86.Build.0 = Debug|Any CPU
		{4BB46CCF-7B7C-4D59-A612-8B83024A9F7D}.Release|Any CPU.ActiveCfg = Release|Any CPU
		{4BB46CCF-7B7C-4D59-A612-8B83024A9F7D}.Release|Any CPU.Build.0 = Release|Any CPU
		{4BB46CCF-7B7C-4D59-A612-8B83024A9F7D}.Release|ARM.ActiveCfg = Release|Any CPU
		{4BB46CCF-7B7C-4D59-A612-8B83024A9F7D}.Release|ARM.Build.0 = Release|Any CPU
		{4BB46CCF-7B7C-4D59-A612-8B83024A9F7D}.Release|iPhone.ActiveCfg = Release|Any CPU
		{4BB46CCF-7B7C-4D59-A612-8B83024A9F7D}.Release|iPhone.Build.0 = Release|Any CPU
		{4BB46CCF-7B7C-4D59-A612-8B83024A9F7D}.Release|iPhoneSimulator.ActiveCfg = Release|Any CPU
		{4BB46CCF-7B7C-4D59-A612-8B83024A9F7D}.Release|iPhoneSimulator.Build.0 = Release|Any CPU
		{4BB46CCF-7B7C-4D59-A612-8B83024A9F7D}.Release|x64.ActiveCfg = Release|Any CPU
		{4BB46CCF-7B7C-4D59-A612-8B83024A9F7D}.Release|x64.Build.0 = Release|Any CPU
		{4BB46CCF-7B7C-4D59-A612-8B83024A9F7D}.Release|x86.ActiveCfg = Release|Any CPU
		{4BB46CCF-7B7C-4D59-A612-8B83024A9F7D}.Release|x86.Build.0 = Release|Any CPU
	EndGlobalSection
	GlobalSection(SolutionProperties) = preSolution
		HideSolutionNode = FALSE
	EndGlobalSection
	GlobalSection(NestedProjects) = preSolution
		{90972A97-6446-49E6-81C0-A72F1959A0D0} = {59ABDEC6-B824-49DC-B347-F41DA454AFF0}
		{4AB8F3CB-1997-4528-A2A0-CDFD0260D42E} = {59ABDEC6-B824-49DC-B347-F41DA454AFF0}
		{4E01727D-A8C1-4CC4-A0D3-E28C2199C675} = {59ABDEC6-B824-49DC-B347-F41DA454AFF0}
		{5473F1F3-954B-4684-84FA-8C7719C18DC6} = {59ABDEC6-B824-49DC-B347-F41DA454AFF0}
		{0C2AA88E-3520-44A1-B8E5-860AB573F9FB} = {23908CF1-F4BD-4BD3-BA22-00656B1CBC68}
		{8D87B4DA-0A43-4CD0-8D6E-6A06A46E2AC9} = {59ABDEC6-B824-49DC-B347-F41DA454AFF0}
		{0B96291B-21B1-466F-86D5-1265359C10F0} = {88C17F38-6CCF-4430-B226-2CED8F766ED6}
		{4028B4F7-EB0D-43B8-BEDF-E4E0F1A6BD06} = {88C17F38-6CCF-4430-B226-2CED8F766ED6}
		{72D1ABB2-BFAF-4ED1-9160-6B532FC5E055} = {88C17F38-6CCF-4430-B226-2CED8F766ED6}
		{CF67D7DA-1B66-4BB0-9B45-58B323CAED61} = {7051483E-FA2A-4228-833D-27A666863EFB}
		{3C11F330-C44B-4DC4-89BF-7E891342C5F4} = {23908CF1-F4BD-4BD3-BA22-00656B1CBC68}
		{EAB82E42-75A7-445F-A6CB-DA1D7BBE49AB} = {23908CF1-F4BD-4BD3-BA22-00656B1CBC68}
		{3C6E9296-6CF2-46E7-811C-04F61320B547} = {12C00A32-CC6F-4A19-8386-127AA68B2E72}
		{5E22B689-B645-44A9-9B9B-5332540C997C} = {12C00A32-CC6F-4A19-8386-127AA68B2E72}
		{4BB46CCF-7B7C-4D59-A612-8B83024A9F7D} = {12C00A32-CC6F-4A19-8386-127AA68B2E72}
	EndGlobalSection
	GlobalSection(ExtensibilityGlobals) = postSolution
		SolutionGuid = {6019B6CB-5E0E-4050-9701-A995F5DB1A8B}
	EndGlobalSection
EndGlobal
